
Microsoft Visual Studio Solution File, Format Version 12.00
# Visual Studio Version 16
VisualStudioVersion = 16.0.28711.60
MinimumVisualStudioVersion = 10.0.40219.1
Project("{A0786B88-2ADB-4C21-ABE8-AA2D79766269}") = "CLNEventos", "CLNEventos.phpproj", "{8A08C16F-3FB4-417C-BC9F-5BB835F24767}"
EndProject
Global
	GlobalSection(SolutionConfigurationPlatforms) = preSolution
		Debug|Any CPU = Debug|Any CPU
		Release|Any CPU = Release|Any CPU
	EndGlobalSection
	GlobalSection(ProjectConfigurationPlatforms) = postSolution
		{8A08C16F-3FB4-417C-BC9F-5BB835F24767}.Debug|Any CPU.ActiveCfg = Debug|Any CPU
		{8A08C16F-3FB4-417C-BC9F-5BB835F24767}.Release|Any CPU.ActiveCfg = Release|Any CPU
	EndGlobalSection
	GlobalSection(SolutionProperties) = preSolution
		HideSolutionNode = FALSE
	EndGlobalSection
	GlobalSection(ExtensibilityGlobals) = postSolution
		SolutionGuid = {2FB50E64-0305-4938-86E4-40A61006A344}
	EndGlobalSection
EndGlobal
